
Microsoft Visual Studio Solution File, Format Version 12.00
# Visual Studio 14
VisualStudioVersion = 14.0.25123.0
MinimumVisualStudioVersion = 10.0.40219.1
Project("{2150E333-8FDC-42A3-9474-1A3956D46DE8}") = "src", "src", "{21CB3D59-D696-42F5-B52A-78B1C3602021}"
EndProject
Project("{2150E333-8FDC-42A3-9474-1A3956D46DE8}") = "Solution Items", "Solution Items", "{AE879704-406B-4FFE-8562-03E6AF52FB0D}"
	ProjectSection(SolutionItems) = preProject
		global.json = global.json
	EndProjectSection
EndProject
Project("{8BB2217D-0F2D-49D1-97BC-3654ED321F3B}") = "WebApplication3", "src\WebApplication3\WebApplication3.xproj", "{3D2E3C8D-4900-4B86-AB6F-4225B20A25B1}"
EndProject
Global
	GlobalSection(SolutionConfigurationPlatforms) = preSolution
		Debug|Any CPU = Debug|Any CPU
		Release|Any CPU = Release|Any CPU
	EndGlobalSection
	GlobalSection(ProjectConfigurationPlatforms) = postSolution
		{3D2E3C8D-4900-4B86-AB6F-4225B20A25B1}.Debug|Any CPU.ActiveCfg = Debug|Any CPU
		{3D2E3C8D-4900-4B86-AB6F-4225B20A25B1}.Debug|Any CPU.Build.0 = Debug|Any CPU
		{3D2E3C8D-4900-4B86-AB6F-4225B20A25B1}.Release|Any CPU.ActiveCfg = Release|Any CPU
		{3D2E3C8D-4900-4B86-AB6F-4225B20A25B1}.Release|Any CPU.Build.0 = Release|Any CPU
	EndGlobalSection
	GlobalSection(SolutionProperties) = preSolution
		HideSolutionNode = FALSE
	EndGlobalSection
	GlobalSection(NestedProjects) = preSolution
		{3D2E3C8D-4900-4B86-AB6F-4225B20A25B1} = {21CB3D59-D696-42F5-B52A-78B1C3602021}
	EndGlobalSection
EndGlobal
