
Microsoft Visual Studio Solution File, Format Version 12.00
# Visual Studio 14
VisualStudioVersion = 14.0.25123.0
MinimumVisualStudioVersion = 10.0.40219.1
Project("{2150E333-8FDC-42A3-9474-1A3956D46DE8}") = "src", "src", "{712B293B-4099-4F8E-81E1-1E05BE55660B}"
EndProject
Project("{2150E333-8FDC-42A3-9474-1A3956D46DE8}") = "Solution Items", "Solution Items", "{DBB7BBC2-E718-4869-A1E5-E827248D0B03}"
	ProjectSection(SolutionItems) = preProject
		global.json = global.json
	EndProjectSection
EndProject
Project("{8BB2217D-0F2D-49D1-97BC-3654ED321F3B}") = "CarsApp", "src\CarsApp\CarsApp.xproj", "{4267F2CF-3CF4-417D-8663-6B2406B49655}"
EndProject
Project("{FAE04EC0-301F-11D3-BF4B-00C04F79EFBC}") = "UTests", "UTests\UTests.csproj", "{AF2F6795-C5A4-4E24-AB01-398311AE53DC}"
EndProject
Global
	GlobalSection(SolutionConfigurationPlatforms) = preSolution
		Debug|Any CPU = Debug|Any CPU
		Release|Any CPU = Release|Any CPU
	EndGlobalSection
	GlobalSection(ProjectConfigurationPlatforms) = postSolution
		{4267F2CF-3CF4-417D-8663-6B2406B49655}.Debug|Any CPU.ActiveCfg = Debug|Any CPU
		{4267F2CF-3CF4-417D-8663-6B2406B49655}.Debug|Any CPU.Build.0 = Debug|Any CPU
		{4267F2CF-3CF4-417D-8663-6B2406B49655}.Release|Any CPU.ActiveCfg = Release|Any CPU
		{4267F2CF-3CF4-417D-8663-6B2406B49655}.Release|Any CPU.Build.0 = Release|Any CPU
		{AF2F6795-C5A4-4E24-AB01-398311AE53DC}.Debug|Any CPU.ActiveCfg = Debug|Any CPU
		{AF2F6795-C5A4-4E24-AB01-398311AE53DC}.Debug|Any CPU.Build.0 = Debug|Any CPU
		{AF2F6795-C5A4-4E24-AB01-398311AE53DC}.Release|Any CPU.ActiveCfg = Release|Any CPU
		{AF2F6795-C5A4-4E24-AB01-398311AE53DC}.Release|Any CPU.Build.0 = Release|Any CPU
	EndGlobalSection
	GlobalSection(SolutionProperties) = preSolution
		HideSolutionNode = FALSE
	EndGlobalSection
	GlobalSection(NestedProjects) = preSolution
		{4267F2CF-3CF4-417D-8663-6B2406B49655} = {712B293B-4099-4F8E-81E1-1E05BE55660B}
		{AF2F6795-C5A4-4E24-AB01-398311AE53DC} = {712B293B-4099-4F8E-81E1-1E05BE55660B}
	EndGlobalSection
EndGlobal
